sdk: ^2.0.0-alpha.144
prefixes:
  host: pkg-host
  supabase: ..
packages:
  ..:
    path: ..
    prefixes:
      host: pkg-host
      http: pkg-http
  pkg-host:
    url: github.com/toitlang/pkg-host
    name: host
    version: 1.15.0
    hash: 2588faa0c7553eca9a85cb6f829f3df41d9466f2
  pkg-http:
    url: github.com/toitlang/pkg-http
    name: http
    version: 2.7.0
    hash: ba6a3c73462aa8a3baae47881e9b2349725c22c3
